// !$*UTF8*$!
{
	archiveVersion = 1;
	classes = {
	};
	objectVersion = 46;
	objects = {

/* Begin PBXBuildFile section */
		134FFB7B1B76C58D8DCF7820 /* Pods_SimpleWeather.framework in Frameworks */ = {isa = PBXBuildFile; fileRef = AF8358F288BA2C7442D150E7 /* Pods_SimpleWeather.framework */; };
		37ED35CC17C15E3CFDE9C22C /* Pods_SimpleWeatherTests.framework in Frameworks */ = {isa = PBXBuildFile; fileRef = A1131F35D268289354C6856D /* Pods_SimpleWeatherTests.framework */; };
		9D7FC2711E2DA794C2D2B1C6 /* Pods_SimpleWeatherUITests.framework in Frameworks */ = {isa = PBXBuildFile; fileRef = 6B030A747CCD0C80BFA6C79A /* Pods_SimpleWeatherUITests.framework */; };
		E518FFCF1EF048D400FE1E91 /* LoadingSpinner.swift in Sources */ = {isa = PBXBuildFile; fileRef = E518FFCE1EF048D400FE1E91 /* LoadingSpinner.swift */; };
		E54958F51F006997008DE9E2 /* WeatherLocationsViewModel.swift in Sources */ = {isa = PBXBuildFile; fileRef = E54958F41F006997008DE9E2 /* WeatherLocationsViewModel.swift */; };
		E57C57DE1EEF1F8600D30A16 /* SearchLocationViewController.swift in Sources */ = {isa = PBXBuildFile; fileRef = E57C57DD1EEF1F8600D30A16 /* SearchLocationViewController.swift */; };
		E5A002591EE90B1300815438 /* CityTableViewCell.swift in Sources */ = {isa = PBXBuildFile; fileRef = E5A002581EE90B1300815438 /* CityTableViewCell.swift */; };
		E5A0025C1EE90FCD00815438 /* UIColorExtensions.swift in Sources */ = {isa = PBXBuildFile; fileRef = E5A0025B1EE90FCD00815438 /* UIColorExtensions.swift */; };
		E5A0025F1EE91A3100815438 /* DetailWeatherViewController.swift in Sources */ = {isa = PBXBuildFile; fileRef = E5A0025E1EE91A3100815438 /* DetailWeatherViewController.swift */; };
		E5AA1CDD1EEC9758006311AA /* DetailWeatherView.swift in Sources */ = {isa = PBXBuildFile; fileRef = E5AA1CDC1EEC9758006311AA /* DetailWeatherView.swift */; };
		E5BD6C341EE8ECC900BFE64C /* AppDelegate.swift in Sources */ = {isa = PBXBuildFile; fileRef = E5BD6C331EE8ECC900BFE64C /* AppDelegate.swift */; };
		E5BD6C361EE8ECC900BFE64C /* WeatherLocationsViewController.swift in Sources */ = {isa = PBXBuildFile; fileRef = E5BD6C351EE8ECC900BFE64C /* WeatherLocationsViewController.swift */; };
		E5BD6C3B1EE8ECC900BFE64C /* Assets.xcassets in Resources */ = {isa = PBXBuildFile; fileRef = E5BD6C3A1EE8ECC900BFE64C /* Assets.xcassets */; };
		E5BD6C3E1EE8ECC900BFE64C /* LaunchScreen.storyboard in Resources */ = {isa = PBXBuildFile; fileRef = E5BD6C3C1EE8ECC900BFE64C /* LaunchScreen.storyboard */; };
		E5BD6C541EE8ECC900BFE64C /* WeatherAppUITests.swift in Sources */ = {isa = PBXBuildFile; fileRef = E5BD6C531EE8ECC900BFE64C /* WeatherAppUITests.swift */; };
		E5BEEC611EF06335004163FA /* CityWeather.swift in Sources */ = {isa = PBXBuildFile; fileRef = E5BEEC601EF06335004163FA /* CityWeather.swift */; };
		E5BEEC641EF0667E004163FA /* TempConverter.swift in Sources */ = {isa = PBXBuildFile; fileRef = E5BEEC631EF0667E004163FA /* TempConverter.swift */; };
		E5BEEC671EF0672B004163FA /* RestClient.swift in Sources */ = {isa = PBXBuildFile; fileRef = E5BEEC661EF0672B004163FA /* RestClient.swift */; };
		E5BEEC691EF06750004163FA /* HttpCityWeather.swift in Sources */ = {isa = PBXBuildFile; fileRef = E5BEEC681EF06750004163FA /* HttpCityWeather.swift */; };
		E5F896001F003AF6006CDAC1 /* SearchLocationViewModel.swift in Sources */ = {isa = PBXBuildFile; fileRef = E5F895FF1F003AF6006CDAC1 /* SearchLocationViewModel.swift */; };
/* End PBXBuildFile section */

/* Begin PBXContainerItemProxy section */
		E5BD6C451EE8ECC900BFE64C /* PBXContainerItemProxy */ = {
			isa = PBXContainerItemProxy;
			containerPortal = E5BD6C281EE8ECC900BFE64C /* Project object */;
			proxyType = 1;
			remoteGlobalIDString = E5BD6C2F1EE8ECC900BFE64C;
			remoteInfo = WeatherApp;
		};
		E5BD6C501EE8ECC900BFE64C /* PBXContainerItemProxy */ = {
			isa = PBXContainerItemProxy;
			containerPortal = E5BD6C281EE8ECC900BFE64C /* Project object */;
			proxyType = 1;
			remoteGlobalIDString = E5BD6C2F1EE8ECC900BFE64C;
			remoteInfo = WeatherApp;
		};
/* End PBXContainerItemProxy section */

/* Begin PBXFileReference section */
		2E5964F9F34FCE8DE1848ED6 /* Pods-SimpleWeatherUITests.release.xcconfig */ = {isa = PBXFileReference; includeInIndex = 1; lastKnownFileType = text.xcconfig; name = "Pods-SimpleWeatherUITests.release.xcconfig"; path = "Pods/Target Support Files/Pods-SimpleWeatherUITests/Pods-SimpleWeatherUITests.release.xcconfig"; sourceTree = "<group>"; };
		3D4CD8650E5411F5B115DA7D /* Pods-SimpleWeatherUITests.debug.xcconfig */ = {isa = PBXFileReference; includeInIndex = 1; lastKnownFileType = text.xcconfig; name = "Pods-SimpleWeatherUITests.debug.xcconfig"; path = "Pods/Target Support Files/Pods-SimpleWeatherUITests/Pods-SimpleWeatherUITests.debug.xcconfig"; sourceTree = "<group>"; };
		4B043DD9D9E81659E1C7FCE8 /* Pods-SimpleWeather.release.xcconfig */ = {isa = PBXFileReference; includeInIndex = 1; lastKnownFileType = text.xcconfig; name = "Pods-SimpleWeather.release.xcconfig"; path = "Pods/Target Support Files/Pods-SimpleWeather/Pods-SimpleWeather.release.xcconfig"; sourceTree = "<group>"; };
		5EF7E0035DD06756EBFF7F21 /* Pods-SimpleWeatherTests.release.xcconfig */ = {isa = PBXFileReference; includeInIndex = 1; lastKnownFileType = text.xcconfig; name = "Pods-SimpleWeatherTests.release.xcconfig"; path = "Pods/Target Support Files/Pods-SimpleWeatherTests/Pods-SimpleWeatherTests.release.xcconfig"; sourceTree = "<group>"; };
		6B030A747CCD0C80BFA6C79A /* Pods_SimpleWeatherUITests.framework */ = {isa = PBXFileReference; explicitFileType = wrapper.framework; includeInIndex = 0; path = Pods_SimpleWeatherUITests.framework; sourceTree = BUILT_PRODUCTS_DIR; };
		982A2699CDAC12CB6C95BC32 /* Pods-SimpleWeatherTests.debug.xcconfig */ = {isa = PBXFileReference; includeInIndex = 1; lastKnownFileType = text.xcconfig; name = "Pods-SimpleWeatherTests.debug.xcconfig"; path = "Pods/Target Support Files/Pods-SimpleWeatherTests/Pods-SimpleWeatherTests.debug.xcconfig"; sourceTree = "<group>"; };
		9B2809FBBA3C1A8F069A4518 /* Pods-SimpleWeather.debug.xcconfig */ = {isa = PBXFileReference; includeInIndex = 1; lastKnownFileType = text.xcconfig; name = "Pods-SimpleWeather.debug.xcconfig"; path = "Pods/Target Support Files/Pods-SimpleWeather/Pods-SimpleWeather.debug.xcconfig"; sourceTree = "<group>"; };
		A1131F35D268289354C6856D /* Pods_SimpleWeatherTests.framework */ = {isa = PBXFileReference; explicitFileType = wrapper.framework; includeInIndex = 0; path = Pods_SimpleWeatherTests.framework; sourceTree = BUILT_PRODUCTS_DIR; };
		AF8358F288BA2C7442D150E7 /* Pods_SimpleWeather.framework */ = {isa = PBXFileReference; explicitFileType = wrapper.framework; includeInIndex = 0; path = Pods_SimpleWeather.framework; sourceTree = BUILT_PRODUCTS_DIR; };
		E518FFCE1EF048D400FE1E91 /* LoadingSpinner.swift */ = {isa = PBXFileReference; fileEncoding = 4; lastKnownFileType = sourcecode.swift; path = LoadingSpinner.swift; sourceTree = "<group>"; };
		E54958F41F006997008DE9E2 /* WeatherLocationsViewModel.swift */ = {isa = PBXFileReference; fileEncoding = 4; lastKnownFileType = sourcecode.swift; path = WeatherLocationsViewModel.swift; sourceTree = "<group>"; };
		E57C57DD1EEF1F8600D30A16 /* SearchLocationViewController.swift */ = {isa = PBXFileReference; fileEncoding = 4; lastKnownFileType = sourcecode.swift; path = SearchLocationViewController.swift; sourceTree = "<group>"; };
		E5A002581EE90B1300815438 /* CityTableViewCell.swift */ = {isa = PBXFileReference; fileEncoding = 4; lastKnownFileType = sourcecode.swift; path = CityTableViewCell.swift; sourceTree = "<group>"; };
		E5A0025B1EE90FCD00815438 /* UIColorExtensions.swift */ = {isa = PBXFileReference; fileEncoding = 4; lastKnownFileType = sourcecode.swift; path = UIColorExtensions.swift; sourceTree = "<group>"; };
		E5A0025E1EE91A3100815438 /* DetailWeatherViewController.swift */ = {isa = PBXFileReference; fileEncoding = 4; lastKnownFileType = sourcecode.swift; path = DetailWeatherViewController.swift; sourceTree = "<group>"; };
		E5AA1CDC1EEC9758006311AA /* DetailWeatherView.swift */ = {isa = PBXFileReference; fileEncoding = 4; lastKnownFileType = sourcecode.swift; path = DetailWeatherView.swift; sourceTree = "<group>"; };
		E5BD6C301EE8ECC900BFE64C /* SimpleWeather.app */ = {isa = PBXFileReference; explicitFileType = wrapper.application; includeInIndex = 0; path = SimpleWeather.app; sourceTree = BUILT_PRODUCTS_DIR; };
		E5BD6C331EE8ECC900BFE64C /* AppDelegate.swift */ = {isa = PBXFileReference; lastKnownFileType = sourcecode.swift; path = AppDelegate.swift; sourceTree = "<group>"; };
		E5BD6C351EE8ECC900BFE64C /* WeatherLocationsViewController.swift */ = {isa = PBXFileReference; lastKnownFileType = sourcecode.swift; path = WeatherLocationsViewController.swift; sourceTree = "<group>"; };
		E5BD6C3A1EE8ECC900BFE64C /* Assets.xcassets */ = {isa = PBXFileReference; lastKnownFileType = folder.assetcatalog; path = Assets.xcassets; sourceTree = "<group>"; };
		E5BD6C3D1EE8ECC900BFE64C /* Base */ = {isa = PBXFileReference; lastKnownFileType = file.storyboard; name = Base; path = Base.lproj/LaunchScreen.storyboard; sourceTree = "<group>"; };
		E5BD6C3F1EE8ECC900BFE64C /* Info.plist */ = {isa = PBXFileReference; lastKnownFileType = text.plist.xml; path = Info.plist; sourceTree = "<group>"; };
		E5BD6C441EE8ECC900BFE64C /* SimpleWeatherTests.xctest */ = {isa = PBXFileReference; explicitFileType = wrapper.cfbundle; includeInIndex = 0; path = SimpleWeatherTests.xctest; sourceTree = BUILT_PRODUCTS_DIR; };
		E5BD6C4A1EE8ECC900BFE64C /* Info.plist */ = {isa = PBXFileReference; lastKnownFileType = text.plist.xml; path = Info.plist; sourceTree = "<group>"; };
		E5BD6C4F1EE8ECC900BFE64C /* SimpleWeatherUITests.xctest */ = {isa = PBXFileReference; explicitFileType = wrapper.cfbundle; includeInIndex = 0; path = SimpleWeatherUITests.xctest; sourceTree = BUILT_PRODUCTS_DIR; };
		E5BD6C531EE8ECC900BFE64C /* WeatherAppUITests.swift */ = {isa = PBXFileReference; lastKnownFileType = sourcecode.swift; path = WeatherAppUITests.swift; sourceTree = "<group>"; };
		E5BD6C551EE8ECC900BFE64C /* Info.plist */ = {isa = PBXFileReference; lastKnownFileType = text.plist.xml; path = Info.plist; sourceTree = "<group>"; };
		E5BEEC601EF06335004163FA /* CityWeather.swift */ = {isa = PBXFileReference; fileEncoding = 4; lastKnownFileType = sourcecode.swift; path = CityWeather.swift; sourceTree = "<group>"; };
		E5BEEC631EF0667E004163FA /* TempConverter.swift */ = {isa = PBXFileReference; fileEncoding = 4; lastKnownFileType = sourcecode.swift; path = TempConverter.swift; sourceTree = "<group>"; };
		E5BEEC661EF0672B004163FA /* RestClient.swift */ = {isa = PBXFileReference; fileEncoding = 4; lastKnownFileType = sourcecode.swift; path = RestClient.swift; sourceTree = "<group>"; };
		E5BEEC681EF06750004163FA /* HttpCityWeather.swift */ = {isa = PBXFileReference; fileEncoding = 4; lastKnownFileType = sourcecode.swift; path = HttpCityWeather.swift; sourceTree = "<group>"; };
		E5F895FF1F003AF6006CDAC1 /* SearchLocationViewModel.swift */ = {isa = PBXFileReference; fileEncoding = 4; lastKnownFileType = sourcecode.swift; path = SearchLocationViewModel.swift; sourceTree = "<group>"; };
/* End PBXFileReference section */

/* Begin PBXFrameworksBuildPhase section */
		E5BD6C2D1EE8ECC900BFE64C /* Frameworks */ = {
			isa = PBXFrameworksBuildPhase;
			buildActionMask = 2147483647;
			files = (
				134FFB7B1B76C58D8DCF7820 /* Pods_SimpleWeather.framework in Frameworks */,
			);
			runOnlyForDeploymentPostprocessing = 0;
		};
		E5BD6C411EE8ECC900BFE64C /* Frameworks */ = {
			isa = PBXFrameworksBuildPhase;
			buildActionMask = 2147483647;
			files = (
				37ED35CC17C15E3CFDE9C22C /* Pods_SimpleWeatherTests.framework in Frameworks */,
			);
			runOnlyForDeploymentPostprocessing = 0;
		};
		E5BD6C4C1EE8ECC900BFE64C /* Frameworks */ = {
			isa = PBXFrameworksBuildPhase;
			buildActionMask = 2147483647;
			files = (
				9D7FC2711E2DA794C2D2B1C6 /* Pods_SimpleWeatherUITests.framework in Frameworks */,
			);
			runOnlyForDeploymentPostprocessing = 0;
		};
/* End PBXFrameworksBuildPhase section */

/* Begin PBXGroup section */
		2A72FD2DAD7D91BD97FB39AB /* Pods */ = {
			isa = PBXGroup;
			children = (
				9B2809FBBA3C1A8F069A4518 /* Pods-SimpleWeather.debug.xcconfig */,
				4B043DD9D9E81659E1C7FCE8 /* Pods-SimpleWeather.release.xcconfig */,
				982A2699CDAC12CB6C95BC32 /* Pods-SimpleWeatherTests.debug.xcconfig */,
				5EF7E0035DD06756EBFF7F21 /* Pods-SimpleWeatherTests.release.xcconfig */,
				3D4CD8650E5411F5B115DA7D /* Pods-SimpleWeatherUITests.debug.xcconfig */,
				2E5964F9F34FCE8DE1848ED6 /* Pods-SimpleWeatherUITests.release.xcconfig */,
			);
			name = Pods;
			sourceTree = "<group>";
		};
		2EEF7525AF94ABB99B58FEEB /* Frameworks */ = {
			isa = PBXGroup;
			children = (
				AF8358F288BA2C7442D150E7 /* Pods_SimpleWeather.framework */,
				A1131F35D268289354C6856D /* Pods_SimpleWeatherTests.framework */,
				6B030A747CCD0C80BFA6C79A /* Pods_SimpleWeatherUITests.framework */,
			);
			name = Frameworks;
			sourceTree = "<group>";
		};
		E518FFCD1EF048BA00FE1E91 /* Spinner */ = {
			isa = PBXGroup;
			children = (
				E518FFCE1EF048D400FE1E91 /* LoadingSpinner.swift */,
			);
			name = Spinner;
			sourceTree = "<group>";
		};
		E5A002531EE8FC0F00815438 /* Controllers */ = {
			isa = PBXGroup;
			children = (
				E5BD6C351EE8ECC900BFE64C /* WeatherLocationsViewController.swift */,
				E5A0025E1EE91A3100815438 /* DetailWeatherViewController.swift */,
				E57C57DD1EEF1F8600D30A16 /* SearchLocationViewController.swift */,
			);
			name = Controllers;
			sourceTree = "<group>";
		};
		E5A002541EE8FC1600815438 /* Models */ = {
			isa = PBXGroup;
			children = (
				E5BEEC601EF06335004163FA /* CityWeather.swift */,
			);
			name = Models;
			sourceTree = "<group>";
		};
		E5A002551EE8FC1A00815438 /* Views */ = {
			isa = PBXGroup;
			children = (
				E518FFCD1EF048BA00FE1E91 /* Spinner */,
				E5A0025D1EE9115500815438 /* Cells */,
				E5AA1CDC1EEC9758006311AA /* DetailWeatherView.swift */,
			);
			name = Views;
			sourceTree = "<group>";
		};
		E5A0025A1EE90FBD00815438 /* Extensions */ = {
			isa = PBXGroup;
			children = (
				E5A0025B1EE90FCD00815438 /* UIColorExtensions.swift */,
			);
			name = Extensions;
			sourceTree = "<group>";
		};
		E5A0025D1EE9115500815438 /* Cells */ = {
			isa = PBXGroup;
			children = (
				E5A002581EE90B1300815438 /* CityTableViewCell.swift */,
			);
			name = Cells;
			sourceTree = "<group>";
		};
		E5BD6C271EE8ECC900BFE64C = {
			isa = PBXGroup;
			children = (
				E5BD6C321EE8ECC900BFE64C /* SimpleWeather */,
				E5BD6C471EE8ECC900BFE64C /* SimpleWeatherTests */,
				E5BD6C521EE8ECC900BFE64C /* SimpleWeatherUITests */,
				E5BD6C311EE8ECC900BFE64C /* Products */,
				2A72FD2DAD7D91BD97FB39AB /* Pods */,
				2EEF7525AF94ABB99B58FEEB /* Frameworks */,
			);
			sourceTree = "<group>";
		};
		E5BD6C311EE8ECC900BFE64C /* Products */ = {
			isa = PBXGroup;
			children = (
				E5BD6C301EE8ECC900BFE64C /* SimpleWeather.app */,
				E5BD6C441EE8ECC900BFE64C /* SimpleWeatherTests.xctest */,
				E5BD6C4F1EE8ECC900BFE64C /* SimpleWeatherUITests.xctest */,
			);
			name = Products;
			sourceTree = "<group>";
		};
		E5BD6C321EE8ECC900BFE64C /* SimpleWeather */ = {
			isa = PBXGroup;
			children = (
				E5A002541EE8FC1600815438 /* Models */,
				E5A002551EE8FC1A00815438 /* Views */,
				E5A002531EE8FC0F00815438 /* Controllers */,
				E5BEEC651EF0670B004163FA /* ViewModels */,
				E5A0025A1EE90FBD00815438 /* Extensions */,
				E5BEEC621EF06670004163FA /* Helpers */,
				E5BD6C331EE8ECC900BFE64C /* AppDelegate.swift */,
				E5BD6C3A1EE8ECC900BFE64C /* Assets.xcassets */,
				E5BD6C3C1EE8ECC900BFE64C /* LaunchScreen.storyboard */,
				E5BD6C3F1EE8ECC900BFE64C /* Info.plist */,
			);
			path = SimpleWeather;
			sourceTree = "<group>";
		};
		E5BD6C471EE8ECC900BFE64C /* SimpleWeatherTests */ = {
			isa = PBXGroup;
			children = (
				E5BD6C4A1EE8ECC900BFE64C /* Info.plist */,
			);
			path = SimpleWeatherTests;
			sourceTree = "<group>";
		};
		E5BD6C521EE8ECC900BFE64C /* SimpleWeatherUITests */ = {
			isa = PBXGroup;
			children = (
				E5BD6C531EE8ECC900BFE64C /* WeatherAppUITests.swift */,
				E5BD6C551EE8ECC900BFE64C /* Info.plist */,
			);
			path = SimpleWeatherUITests;
			sourceTree = "<group>";
		};
		E5BEEC621EF06670004163FA /* Helpers */ = {
			isa = PBXGroup;
			children = (
				E5BEEC631EF0667E004163FA /* TempConverter.swift */,
			);
			name = Helpers;
			sourceTree = "<group>";
		};
		E5BEEC651EF0670B004163FA /* ViewModels */ = {
			isa = PBXGroup;
			children = (
				E5BEEC661EF0672B004163FA /* RestClient.swift */,
				E5BEEC681EF06750004163FA /* HttpCityWeather.swift */,
				E5F895FF1F003AF6006CDAC1 /* SearchLocationViewModel.swift */,
				E54958F41F006997008DE9E2 /* WeatherLocationsViewModel.swift */,
			);
			name = ViewModels;
			sourceTree = "<group>";
		};
/* End PBXGroup section */

/* Begin PBXNativeTarget section */
		E5BD6C2F1EE8ECC900BFE64C /* SimpleWeather */ = {
			isa = PBXNativeTarget;
			buildConfigurationList = E5BD6C581EE8ECC900BFE64C /* Build configuration list for PBXNativeTarget "SimpleWeather" */;
			buildPhases = (
				DE32D62D39C6562BEB5C4DD9 /* [CP] Check Pods Manifest.lock */,
				E5BD6C2C1EE8ECC900BFE64C /* Sources */,
				E5BD6C2D1EE8ECC900BFE64C /* Frameworks */,
				E5BD6C2E1EE8ECC900BFE64C /* Resources */,
				98B1033DBFC3B0C1F3EEA688 /* [CP] Embed Pods Frameworks */,
				7D96539C9B8F4AFF46A081FA /* [CP] Copy Pods Resources */,
			);
			buildRules = (
			);
			dependencies = (
			);
			name = SimpleWeather;
			productName = WeatherApp;
			productReference = E5BD6C301EE8ECC900BFE64C /* SimpleWeather.app */;
			productType = "com.apple.product-type.application";
		};
		E5BD6C431EE8ECC900BFE64C /* SimpleWeatherTests */ = {
			isa = PBXNativeTarget;
			buildConfigurationList = E5BD6C5B1EE8ECC900BFE64C /* Build configuration list for PBXNativeTarget "SimpleWeatherTests" */;
			buildPhases = (
				BF59D3220E7D036FFA452C75 /* [CP] Check Pods Manifest.lock */,
				E5BD6C401EE8ECC900BFE64C /* Sources */,
				E5BD6C411EE8ECC900BFE64C /* Frameworks */,
				E5BD6C421EE8ECC900BFE64C /* Resources */,
				0C2F61D7812CA0FB7D93C9FB /* [CP] Embed Pods Frameworks */,
				E52452842A05372EDA63335D /* [CP] Copy Pods Resources */,
			);
			buildRules = (
			);
			dependencies = (
				E5BD6C461EE8ECC900BFE64C /* PBXTargetDependency */,
			);
			name = SimpleWeatherTests;
			productName = WeatherAppTests;
			productReference = E5BD6C441EE8ECC900BFE64C /* SimpleWeatherTests.xctest */;
			productType = "com.apple.product-type.bundle.unit-test";
		};
		E5BD6C4E1EE8ECC900BFE64C /* SimpleWeatherUITests */ = {
			isa = PBXNativeTarget;
			buildConfigurationList = E5BD6C5E1EE8ECC900BFE64C /* Build configuration list for PBXNativeTarget "SimpleWeatherUITests" */;
			buildPhases = (
				8470A0535E10A381606C3A1C /* [CP] Check Pods Manifest.lock */,
				E5BD6C4B1EE8ECC900BFE64C /* Sources */,
				E5BD6C4C1EE8ECC900BFE64C /* Frameworks */,
				E5BD6C4D1EE8ECC900BFE64C /* Resources */,
				571BA6CDA6734BD18D5AE6AE /* [CP] Embed Pods Frameworks */,
				037700788361A09642192CA7 /* [CP] Copy Pods Resources */,
			);
			buildRules = (
			);
			dependencies = (
				E5BD6C511EE8ECC900BFE64C /* PBXTargetDependency */,
			);
			name = SimpleWeatherUITests;
			productName = WeatherAppUITests;
			productReference = E5BD6C4F1EE8ECC900BFE64C /* SimpleWeatherUITests.xctest */;
			productType = "com.apple.product-type.bundle.ui-testing";
		};
/* End PBXNativeTarget section */

/* Begin PBXProject section */
		E5BD6C281EE8ECC900BFE64C /* Project object */ = {
			isa = PBXProject;
			attributes = {
				LastSwiftUpdateCheck = 0830;
				LastUpgradeCheck = 0830;
				ORGANIZATIONNAME = keithmartin;
				TargetAttributes = {
					E5BD6C2F1EE8ECC900BFE64C = {
						CreatedOnToolsVersion = 8.3.3;
						DevelopmentTeam = XX2G6SA24K;
						ProvisioningStyle = Automatic;
					};
					E5BD6C431EE8ECC900BFE64C = {
						CreatedOnToolsVersion = 8.3.3;
						DevelopmentTeam = CS7SCUEWUL;
						ProvisioningStyle = Automatic;
						TestTargetID = E5BD6C2F1EE8ECC900BFE64C;
					};
					E5BD6C4E1EE8ECC900BFE64C = {
						CreatedOnToolsVersion = 8.3.3;
						DevelopmentTeam = CS7SCUEWUL;
						ProvisioningStyle = Automatic;
						TestTargetID = E5BD6C2F1EE8ECC900BFE64C;
					};
				};
			};
			buildConfigurationList = E5BD6C2B1EE8ECC900BFE64C /* Build configuration list for PBXProject "SimpleWeather" */;
			compatibilityVersion = "Xcode 3.2";
			developmentRegion = English;
			hasScannedForEncodings = 0;
			knownRegions = (
				en,
				Base,
			);
			mainGroup = E5BD6C271EE8ECC900BFE64C;
			productRefGroup = E5BD6C311EE8ECC900BFE64C /* Products */;
			projectDirPath = "";
			projectRoot = "";
			targets = (
				E5BD6C2F1EE8ECC900BFE64C /* SimpleWeather */,
				E5BD6C431EE8ECC900BFE64C /* SimpleWeatherTests */,
				E5BD6C4E1EE8ECC900BFE64C /* SimpleWeatherUITests */,
			);
		};
/* End PBXProject section */

/* Begin PBXResourcesBuildPhase section */
		E5BD6C2E1EE8ECC900BFE64C /* Resources */ = {
			isa = PBXResourcesBuildPhase;
			buildActionMask = 2147483647;
			files = (
				E5BD6C3E1EE8ECC900BFE64C /* LaunchScreen.storyboard in Resources */,
				E5BD6C3B1EE8ECC900BFE64C /* Assets.xcassets in Resources */,
			);
			runOnlyForDeploymentPostprocessing = 0;
		};
		E5BD6C421EE8ECC900BFE64C /* Resources */ = {
			isa = PBXResourcesBuildPhase;
			buildActionMask = 2147483647;
			files = (
			);
			runOnlyForDeploymentPostprocessing = 0;
		};
		E5BD6C4D1EE8ECC900BFE64C /* Resources */ = {
			isa = PBXResourcesBuildPhase;
			buildActionMask = 2147483647;
			files = (
			);
			runOnlyForDeploymentPostprocessing = 0;
		};
/* End PBXResourcesBuildPhase section */

/* Begin PBXShellScriptBuildPhase section */
		037700788361A09642192CA7 /* [CP] Copy Pods Resources */ = {
			isa = PBXShellScriptBuildPhase;
			buildActionMask = 2147483647;
			files = (
			);
			inputPaths = (
			);
			name = "[CP] Copy Pods Resources";
			outputPaths = (
			);
			runOnlyForDeploymentPostprocessing = 0;
			shellPath = /bin/sh;
			shellScript = "\"${SRCROOT}/Pods/Target Support Files/Pods-SimpleWeatherUITests/Pods-SimpleWeatherUITests-resources.sh\"\n";
			showEnvVarsInLog = 0;
		};
		0C2F61D7812CA0FB7D93C9FB /* [CP] Embed Pods Frameworks */ = {
			isa = PBXShellScriptBuildPhase;
			buildActionMask = 2147483647;
			files = (
			);
			inputPaths = (
			);
			name = "[CP] Embed Pods Frameworks";
			outputPaths = (
			);
			runOnlyForDeploymentPostprocessing = 0;
			shellPath = /bin/sh;
			shellScript = "\"${SRCROOT}/Pods/Target Support Files/Pods-SimpleWeatherTests/Pods-SimpleWeatherTests-frameworks.sh\"\n";
			showEnvVarsInLog = 0;
		};
		571BA6CDA6734BD18D5AE6AE /* [CP] Embed Pods Frameworks */ = {
			isa = PBXShellScriptBuildPhase;
			buildActionMask = 2147483647;
			files = (
			);
			inputPaths = (
			);
			name = "[CP] Embed Pods Frameworks";
			outputPaths = (
			);
			runOnlyForDeploymentPostprocessing = 0;
			shellPath = /bin/sh;
			shellScript = "\"${SRCROOT}/Pods/Target Support Files/Pods-SimpleWeatherUITests/Pods-SimpleWeatherUITests-frameworks.sh\"\n";
			showEnvVarsInLog = 0;
		};
		7D96539C9B8F4AFF46A081FA /* [CP] Copy Pods Resources */ = {
			isa = PBXShellScriptBuildPhase;
			buildActionMask = 2147483647;
			files = (
			);
			inputPaths = (
			);
			name = "[CP] Copy Pods Resources";
			outputPaths = (
			);
			runOnlyForDeploymentPostprocessing = 0;
			shellPath = /bin/sh;
			shellScript = "\"${SRCROOT}/Pods/Target Support Files/Pods-SimpleWeather/Pods-SimpleWeather-resources.sh\"\n";
			showEnvVarsInLog = 0;
		};
		8470A0535E10A381606C3A1C /* [CP] Check Pods Manifest.lock */ = {
			isa = PBXShellScriptBuildPhase;
			buildActionMask = 2147483647;
			files = (
			);
			inputPaths = (
			);
			name = "[CP] Check Pods Manifest.lock";
			outputPaths = (
			);
			runOnlyForDeploymentPostprocessing = 0;
			shellPath = /bin/sh;
			shellScript = "diff \"${PODS_ROOT}/../Podfile.lock\" \"${PODS_ROOT}/Manifest.lock\" > /dev/null\nif [ $? != 0 ] ; then\n    # print error to STDERR\n    echo \"error: The sandbox is not in sync with the Podfile.lock. Run 'pod install' or update your CocoaPods installation.\" >&2\n    exit 1\nfi\n";
			showEnvVarsInLog = 0;
		};
		98B1033DBFC3B0C1F3EEA688 /* [CP] Embed Pods Frameworks */ = {
			isa = PBXShellScriptBuildPhase;
			buildActionMask = 2147483647;
			files = (
			);
			inputPaths = (
			);
			name = "[CP] Embed Pods Frameworks";
			outputPaths = (
			);
			runOnlyForDeploymentPostprocessing = 0;
			shellPath = /bin/sh;
			shellScript = "\"${SRCROOT}/Pods/Target Support Files/Pods-SimpleWeather/Pods-SimpleWeather-frameworks.sh\"\n";
			showEnvVarsInLog = 0;
		};
		BF59D3220E7D036FFA452C75 /* [CP] Check Pods Manifest.lock */ = {
			isa = PBXShellScriptBuildPhase;
			buildActionMask = 2147483647;
			files = (
			);
			inputPaths = (
			);
			name = "[CP] Check Pods Manifest.lock";
			outputPaths = (
			);
			runOnlyForDeploymentPostprocessing = 0;
			shellPath = /bin/sh;
			shellScript = "diff \"${PODS_ROOT}/../Podfile.lock\" \"${PODS_ROOT}/Manifest.lock\" > /dev/null\nif [ $? != 0 ] ; then\n    # print error to STDERR\n    echo \"error: The sandbox is not in sync with the Podfile.lock. Run 'pod install' or update your CocoaPods installation.\" >&2\n    exit 1\nfi\n";
			showEnvVarsInLog = 0;
		};
		DE32D62D39C6562BEB5C4DD9 /* [CP] Check Pods Manifest.lock */ = {
			isa = PBXShellScriptBuildPhase;
			buildActionMask = 2147483647;
			files = (
			);
			inputPaths = (
			);
			name = "[CP] Check Pods Manifest.lock";
			outputPaths = (
			);
			runOnlyForDeploymentPostprocessing = 0;
			shellPath = /bin/sh;
			shellScript = "diff \"${PODS_ROOT}/../Podfile.lock\" \"${PODS_ROOT}/Manifest.lock\" > /dev/null\nif [ $? != 0 ] ; then\n    # print error to STDERR\n    echo \"error: The sandbox is not in sync with the Podfile.lock. Run 'pod install' or update your CocoaPods installation.\" >&2\n    exit 1\nfi\n";
			showEnvVarsInLog = 0;
		};
		E52452842A05372EDA63335D /* [CP] Copy Pods Resources */ = {
			isa = PBXShellScriptBuildPhase;
			buildActionMask = 2147483647;
			files = (
			);
			inputPaths = (
			);
			name = "[CP] Copy Pods Resources";
			outputPaths = (
			);
			runOnlyForDeploymentPostprocessing = 0;
			shellPath = /bin/sh;
			shellScript = "\"${SRCROOT}/Pods/Target Support Files/Pods-SimpleWeatherTests/Pods-SimpleWeatherTests-resources.sh\"\n";
			showEnvVarsInLog = 0;
		};
/* End PBXShellScriptBuildPhase section */

/* Begin PBXSourcesBuildPhase section */
		E5BD6C2C1EE8ECC900BFE64C /* Sources */ = {
			isa = PBXSourcesBuildPhase;
			buildActionMask = 2147483647;
			files = (
				E54958F51F006997008DE9E2 /* WeatherLocationsViewModel.swift in Sources */,
				E5BEEC641EF0667E004163FA /* TempConverter.swift in Sources */,
				E5F896001F003AF6006CDAC1 /* SearchLocationViewModel.swift in Sources */,
				E5BEEC691EF06750004163FA /* HttpCityWeather.swift in Sources */,
				E5BEEC611EF06335004163FA /* CityWeather.swift in Sources */,
				E5BD6C361EE8ECC900BFE64C /* WeatherLocationsViewController.swift in Sources */,
				E5A0025F1EE91A3100815438 /* DetailWeatherViewController.swift in Sources */,
				E5BD6C341EE8ECC900BFE64C /* AppDelegate.swift in Sources */,
				E5BEEC671EF0672B004163FA /* RestClient.swift in Sources */,
				E5A002591EE90B1300815438 /* CityTableViewCell.swift in Sources */,
				E518FFCF1EF048D400FE1E91 /* LoadingSpinner.swift in Sources */,
				E5A0025C1EE90FCD00815438 /* UIColorExtensions.swift in Sources */,
				E5AA1CDD1EEC9758006311AA /* DetailWeatherView.swift in Sources */,
				E57C57DE1EEF1F8600D30A16 /* SearchLocationViewController.swift in Sources */,
			);
			runOnlyForDeploymentPostprocessing = 0;
		};
		E5BD6C401EE8ECC900BFE64C /* Sources */ = {
			isa = PBXSourcesBuildPhase;
			buildActionMask = 2147483647;
			files = (
			);
			runOnlyForDeploymentPostprocessing = 0;
		};
		E5BD6C4B1EE8ECC900BFE64C /* Sources */ = {
			isa = PBXSourcesBuildPhase;
			buildActionMask = 2147483647;
			files = (
				E5BD6C541EE8ECC900BFE64C /* WeatherAppUITests.swift in Sources */,
			);
			runOnlyForDeploymentPostprocessing = 0;
		};
/* End PBXSourcesBuildPhase section */

/* Begin PBXTargetDependency section */
		E5BD6C461EE8ECC900BFE64C /* PBXTargetDependency */ = {
			isa = PBXTargetDependency;
			target = E5BD6C2F1EE8ECC900BFE64C /* SimpleWeather */;
			targetProxy = E5BD6C451EE8ECC900BFE64C /* PBXContainerItemProxy */;
		};
		E5BD6C511EE8ECC900BFE64C /* PBXTargetDependency */ = {
			isa = PBXTargetDependency;
			target = E5BD6C2F1EE8ECC900BFE64C /* SimpleWeather */;
			targetProxy = E5BD6C501EE8ECC900BFE64C /* PBXContainerItemProxy */;
		};
/* End PBXTargetDependency section */

/* Begin PBXVariantGroup section */
		E5BD6C3C1EE8ECC900BFE64C /* LaunchScreen.storyboard */ = {
			isa = PBXVariantGroup;
			children = (
				E5BD6C3D1EE8ECC900BFE64C /* Base */,
			);
			name = LaunchScreen.storyboard;
			sourceTree = "<group>";
		};
/* End PBXVariantGroup section */

/* Begin XCBuildConfiguration section */
		E5BD6C561EE8ECC900BFE64C /* Debug */ = {
			isa = XCBuildConfiguration;
			buildSettings = {
				ALWAYS_SEARCH_USER_PATHS = NO;
				CLANG_ANALYZER_NONNULL = YES;
				CLANG_ANALYZER_NUMBER_OBJECT_CONVERSION = YES_AGGRESSIVE;
				CLANG_CXX_LANGUAGE_STANDARD = "gnu++0x";
				CLANG_CXX_LIBRARY = "libc++";
				CLANG_ENABLE_MODULES = YES;
				CLANG_ENABLE_OBJC_ARC = YES;
				CLANG_WARN_BOOL_CONVERSION = YES;
				CLANG_WARN_CONSTANT_CONVERSION = YES;
				CLANG_WARN_DIRECT_OBJC_ISA_USAGE = YES_ERROR;
				CLANG_WARN_DOCUMENTATION_COMMENTS = YES;
				CLANG_WARN_EMPTY_BODY = YES;
				CLANG_WARN_ENUM_CONVERSION = YES;
				CLANG_WARN_INFINITE_RECURSION = YES;
				CLANG_WARN_INT_CONVERSION = YES;
				CLANG_WARN_OBJC_ROOT_CLASS = YES_ERROR;
				CLANG_WARN_SUSPICIOUS_MOVE = YES;
				CLANG_WARN_UNREACHABLE_CODE = YES;
				CLANG_WARN__DUPLICATE_METHOD_MATCH = YES;
				CODE_SIGN_IDENTITY = "iPhone Distribution";
				"CODE_SIGN_IDENTITY[sdk=iphoneos*]" = "iPhone Developer";
				COPY_PHASE_STRIP = NO;
				DEBUG_INFORMATION_FORMAT = dwarf;
				ENABLE_STRICT_OBJC_MSGSEND = YES;
				ENABLE_TESTABILITY = YES;
				GCC_C_LANGUAGE_STANDARD = gnu99;
				GCC_DYNAMIC_NO_PIC = NO;
				GCC_NO_COMMON_BLOCKS = YES;
				GCC_OPTIMIZATION_LEVEL = 0;
				GCC_PREPROCESSOR_DEFINITIONS = (
					"DEBUG=1",
					"$(inherited)",
				);
				GCC_WARN_64_TO_32_BIT_CONVERSION = YES;
				GCC_WARN_ABOUT_RETURN_TYPE = YES_ERROR;
				GCC_WARN_UNDECLARED_SELECTOR = YES;
				GCC_WARN_UNINITIALIZED_AUTOS = YES_AGGRESSIVE;
				GCC_WARN_UNUSED_FUNCTION = YES;
				GCC_WARN_UNUSED_VARIABLE = YES;
				IPHONEOS_DEPLOYMENT_TARGET = 10.3;
				MTL_ENABLE_DEBUG_INFO = YES;
				ONLY_ACTIVE_ARCH = YES;
				SDKROOT = iphoneos;
				SWIFT_ACTIVE_COMPILATION_CONDITIONS = DEBUG;
				SWIFT_OPTIMIZATION_LEVEL = "-Onone";
			};
			name = Debug;
		};
		E5BD6C571EE8ECC900BFE64C /* Release */ = {
			isa = XCBuildConfiguration;
			buildSettings = {
				ALWAYS_SEARCH_USER_PATHS = NO;
				CLANG_ANALYZER_NONNULL = YES;
				CLANG_ANALYZER_NUMBER_OBJECT_CONVERSION = YES_AGGRESSIVE;
				CLANG_CXX_LANGUAGE_STANDARD = "gnu++0x";
				CLANG_CXX_LIBRARY = "libc++";
				CLANG_ENABLE_MODULES = YES;
				CLANG_ENABLE_OBJC_ARC = YES;
				CLANG_WARN_BOOL_CONVERSION = YES;
				CLANG_WARN_CONSTANT_CONVERSION = YES;
				CLANG_WARN_DIRECT_OBJC_ISA_USAGE = YES_ERROR;
				CLANG_WARN_DOCUMENTATION_COMMENTS = YES;
				CLANG_WARN_EMPTY_BODY = YES;
				CLANG_WARN_ENUM_CONVERSION = YES;
				CLANG_WARN_INFINITE_RECURSION = YES;
				CLANG_WARN_INT_CONVERSION = YES;
				CLANG_WARN_OBJC_ROOT_CLASS = YES_ERROR;
				CLANG_WARN_SUSPICIOUS_MOVE = YES;
				CLANG_WARN_UNREACHABLE_CODE = YES;
				CLANG_WARN__DUPLICATE_METHOD_MATCH = YES;
				CODE_SIGN_IDENTITY = "iPhone Distribution";
				"CODE_SIGN_IDENTITY[sdk=iphoneos*]" = "iPhone Developer";
				COPY_PHASE_STRIP = NO;
				DEBUG_INFORMATION_FORMAT = "dwarf-with-dsym";
				ENABLE_NS_ASSERTIONS = NO;
				ENABLE_STRICT_OBJC_MSGSEND = YES;
				GCC_C_LANGUAGE_STANDARD = gnu99;
				GCC_NO_COMMON_BLOCKS = YES;
				GCC_WARN_64_TO_32_BIT_CONVERSION = YES;
				GCC_WARN_ABOUT_RETURN_TYPE = YES_ERROR;
				GCC_WARN_UNDECLARED_SELECTOR = YES;
				GCC_WARN_UNINITIALIZED_AUTOS = YES_AGGRESSIVE;
				GCC_WARN_UNUSED_FUNCTION = YES;
				GCC_WARN_UNUSED_VARIABLE = YES;
				IPHONEOS_DEPLOYMENT_TARGET = 10.3;
				MTL_ENABLE_DEBUG_INFO = NO;
				SDKROOT = iphoneos;
				SWIFT_OPTIMIZATION_LEVEL = "-Owholemodule";
				VALIDATE_PRODUCT = YES;
			};
			name = Release;
		};
		E5BD6C591EE8ECC900BFE64C /* Debug */ = {
			isa = XCBuildConfiguration;
			baseConfigurationReference = 9B2809FBBA3C1A8F069A4518 /* Pods-SimpleWeather.debug.xcconfig */;
			buildSettings = {
				ASSETCATALOG_COMPILER_APPICON_NAME = AppIcon;
				CODE_SIGN_IDENTITY = "iPhone Distribution: Gz Wiab (XX2G6SA24K)";
				"CODE_SIGN_IDENTITY[sdk=iphoneos*]" = "iPhone Developer";
				DEVELOPMENT_TEAM = XX2G6SA24K;
				INFOPLIST_FILE = SimpleWeather/Info.plist;
				LD_RUNPATH_SEARCH_PATHS = "$(inherited) @executable_path/Frameworks";
				PRODUCT_BUNDLE_IDENTIFIER = com.keithmartin.SimpleWeatherApp;
				PRODUCT_NAME = "$(TARGET_NAME)";
				PROVISIONING_PROFILE_SPECIFIER = "";
				SWIFT_VERSION = 3.0;
			};
			name = Debug;
		};
		E5BD6C5A1EE8ECC900BFE64C /* Release */ = {
			isa = XCBuildConfiguration;
			baseConfigurationReference = 4B043DD9D9E81659E1C7FCE8 /* Pods-SimpleWeather.release.xcconfig */;
			buildSettings = {
				ASSETCATALOG_COMPILER_APPICON_NAME = AppIcon;
				CODE_SIGN_IDENTITY = "iPhone Distribution: Gz Wiab (XX2G6SA24K)";
				"CODE_SIGN_IDENTITY[sdk=iphoneos*]" = "iPhone Developer";
				DEVELOPMENT_TEAM = XX2G6SA24K;
				INFOPLIST_FILE = SimpleWeather/Info.plist;
				LD_RUNPATH_SEARCH_PATHS = "$(inherited) @executable_path/Frameworks";
				PRODUCT_BUNDLE_IDENTIFIER = com.keithmartin.SimpleWeatherApp;
				PRODUCT_NAME = "$(TARGET_NAME)";
				PROVISIONING_PROFILE_SPECIFIER = "";
				SWIFT_VERSION = 3.0;
			};
			name = Release;
		};
		E5BD6C5C1EE8ECC900BFE64C /* Debug */ = {
			isa = XCBuildConfiguration;
			baseConfigurationReference = 982A2699CDAC12CB6C95BC32 /* Pods-SimpleWeatherTests.debug.xcconfig */;
			buildSettings = {
				ALWAYS_EMBED_SWIFT_STANDARD_LIBRARIES = YES;
				BUNDLE_LOADER = "$(TEST_HOST)";
				DEVELOPMENT_TEAM = CS7SCUEWUL;
				INFOPLIST_FILE = WeatherAppTests/Info.plist;
				LD_RUNPATH_SEARCH_PATHS = "$(inherited) @executable_path/Frameworks @loader_path/Frameworks";
				PRODUCT_BUNDLE_IDENTIFIER = com.keithmartin.WeatherAppTests;
				PRODUCT_NAME = "$(TARGET_NAME)";
				SWIFT_VERSION = 3.0;
				TEST_HOST = "$(BUILT_PRODUCTS_DIR)/SimpleWeather.app/SimpleWeather";
			};
			name = Debug;
		};
		E5BD6C5D1EE8ECC900BFE64C /* Release */ = {
			isa = XCBuildConfiguration;
			baseConfigurationReference = 5EF7E0035DD06756EBFF7F21 /* Pods-SimpleWeatherTests.release.xcconfig */;
			buildSettings = {
				ALWAYS_EMBED_SWIFT_STANDARD_LIBRARIES = YES;
				BUNDLE_LOADER = "$(TEST_HOST)";
				DEVELOPMENT_TEAM = CS7SCUEWUL;
				INFOPLIST_FILE = WeatherAppTests/Info.plist;
				LD_RUNPATH_SEARCH_PATHS = "$(inherited) @executable_path/Frameworks @loader_path/Frameworks";
				PRODUCT_BUNDLE_IDENTIFIER = com.keithmartin.WeatherAppTests;
				PRODUCT_NAME = "$(TARGET_NAME)";
				SWIFT_VERSION = 3.0;
				TEST_HOST = "$(BUILT_PRODUCTS_DIR)/SimpleWeather.app/SimpleWeather";
			};
			name = Release;
		};
		E5BD6C5F1EE8ECC900BFE64C /* Debug */ = {
			isa = XCBuildConfiguration;
			baseConfigurationReference = 3D4CD8650E5411F5B115DA7D /* Pods-SimpleWeatherUITests.debug.xcconfig */;
			buildSettings = {
				ALWAYS_EMBED_SWIFT_STANDARD_LIBRARIES = YES;
				DEVELOPMENT_TEAM = CS7SCUEWUL;
				INFOPLIST_FILE = WeatherAppUITests/Info.plist;
				LD_RUNPATH_SEARCH_PATHS = "$(inherited) @executable_path/Frameworks @loader_path/Frameworks";
				PRODUCT_BUNDLE_IDENTIFIER = com.keithmartin.WeatherAppUITests;
				PRODUCT_NAME = "$(TARGET_NAME)";
				SWIFT_VERSION = 3.0;
				TEST_TARGET_NAME = WeatherApp;
			};
			name = Debug;
		};
		E5BD6C601EE8ECC900BFE64C /* Release */ = {
			isa = XCBuildConfiguration;
			baseConfigurationReference = 2E5964F9F34FCE8DE1848ED6 /* Pods-SimpleWeatherUITests.release.xcconfig */;
			buildSettings = {
				ALWAYS_EMBED_SWIFT_STANDARD_LIBRARIES = YES;
				DEVELOPMENT_TEAM = CS7SCUEWUL;
				INFOPLIST_FILE = WeatherAppUITests/Info.plist;
				LD_RUNPATH_SEARCH_PATHS = "$(inherited) @executable_path/Frameworks @loader_path/Frameworks";
				PRODUCT_BUNDLE_IDENTIFIER = com.keithmartin.WeatherAppUITests;
				PRODUCT_NAME = "$(TARGET_NAME)";
				SWIFT_VERSION = 3.0;
				TEST_TARGET_NAME = WeatherApp;
			};
			name = Release;
		};
/* End XCBuildConfiguration section */

/* Begin XCConfigurationList section */
		E5BD6C2B1EE8ECC900BFE64C /* Build configuration list for PBXProject "SimpleWeather" */ = {
			isa = XCConfigurationList;
			buildConfigurations = (
				E5BD6C561EE8ECC900BFE64C /* Debug */,
				E5BD6C571EE8ECC900BFE64C /* Release */,
			);
			defaultConfigurationIsVisible = 0;
			defaultConfigurationName = Release;
		};
		E5BD6C581EE8ECC900BFE64C /* Build configuration list for PBXNativeTarget "SimpleWeather" */ = {
			isa = XCConfigurationList;
			buildConfigurations = (
				E5BD6C591EE8ECC900BFE64C /* Debug */,
				E5BD6C5A1EE8ECC900BFE64C /* Release */,
			);
			defaultConfigurationIsVisible = 0;
			defaultConfigurationName = Release;
		};
		E5BD6C5B1EE8ECC900BFE64C /* Build configuration list for PBXNativeTarget "SimpleWeatherTests" */ = {
			isa = XCConfigurationList;
			buildConfigurations = (
				E5BD6C5C1EE8ECC900BFE64C /* Debug */,
				E5BD6C5D1EE8ECC900BFE64C /* Release */,
			);
			defaultConfigurationIsVisible = 0;
			defaultConfigurationName = Release;
		};
		E5BD6C5E1EE8ECC900BFE64C /* Build configuration list for PBXNativeTarget "SimpleWeatherUITests" */ = {
			isa = XCConfigurationList;
			buildConfigurations = (
				E5BD6C5F1EE8ECC900BFE64C /* Debug */,
				E5BD6C601EE8ECC900BFE64C /* Release */,
			);
			defaultConfigurationIsVisible = 0;
			defaultConfigurationName = Release;
		};
/* End XCConfigurationList section */
	};
	rootObject = E5BD6C281EE8ECC900BFE64C /* Project object */;
}
